
Microsoft Visual Studio Solution File, Format Version 12.00
# Visual Studio Version 16
VisualStudioVersion = 16.0.30413.136
MinimumVisualStudioVersion = 10.0.40219.1
Project("{FAE04EC0-301F-11D3-BF4B-00C04F79EFBC}") = "thince1730ex1b", "thince1730ex1b\thince1730ex1b.csproj", "{872F4B8A-F7E4-4549-848D-6FEDC08A27CB}"
EndProject
Project("{FAE04EC0-301F-11D3-BF4B-00C04F79EFBC}") = "thince1c1", "thince1c1\thince1c1.csproj", "{38CC8B23-4546-4705-84C1-0E593608627B}"
EndProject
Project("{FAE04EC0-301F-11D3-BF4B-00C04F79EFBC}") = "thince1d1Copy", "thince1d1Copy\thince1d1Copy.csproj", "{70BCCF6A-0440-41B9-919A-E7DCE33B0DA7}"
EndProject
Project("{FAE04EC0-301F-11D3-BF4B-00C04F79EFBC}") = "thince1e1", "thince1e1\thince1e1.csproj", "{1BDDFF24-5AD2-419D-87E2-F24C2C3BEB2F}"
EndProject
Project("{FAE04EC0-301F-11D3-BF4B-00C04F79EFBC}") = "thince1f2", "thince1f1\thince1f2.csproj", "{9B3936E7-1EC9-43D6-AACF-618D8F1188EA}"
EndProject
Project("{FAE04EC0-301F-11D3-BF4B-00C04F79EFBC}") = "thince1g1", "thince1g1\thince1g1.csproj", "{4453DD32-D23F-4BF6-A0F5-06E3EFB713C6}"
EndProject
Project("{FAE04EC0-301F-11D3-BF4B-00C04F79EFBC}") = "thince1g1Copy", "thince1g1Copy\thince1g1Copy.csproj", "{629829AF-1DC3-4C68-84FE-6E9288E2713B}"
EndProject
Project("{FAE04EC0-301F-11D3-BF4B-00C04F79EFBC}") = "thince2a1", "thince2a2\thince2a1.csproj", "{A2454EA8-CF08-43F4-902E-6A5C82D60D1F}"
EndProject
Project("{FAE04EC0-301F-11D3-BF4B-00C04F79EFBC}") = "thince2b1", "thince2b2\thince2b1.csproj", "{56B96F0F-BC67-4D51-A11F-38DE187CA2D7}"
EndProject
Project("{FAE04EC0-301F-11D3-BF4B-00C04F79EFBC}") = "thince2c1", "thince2c1\thince2c1.csproj", "{9FCB2C74-0F03-4407-AF8C-9622A937A6CB}"
EndProject
Project("{FAE04EC0-301F-11D3-BF4B-00C04F79EFBC}") = "thince2d1", "thince2d2\thince2d1.csproj", "{C6FA51A4-F80B-40BB-88FC-3BD2441F9F40}"
EndProject
Project("{FAE04EC0-301F-11D3-BF4B-00C04F79EFBC}") = "thince2e1", "thince2e1\thince2e1.csproj", "{396EAE0B-B28C-45B2-86C0-761F9FBFF47B}"
EndProject
Project("{FAE04EC0-301F-11D3-BF4B-00C04F79EFBC}") = "thincewe1UnitTests", "thincewe1UnitTests\thincewe1UnitTests.csproj", "{36E81FB5-7DA7-4BD8-B4E1-7A0B6AA1426B}"
EndProject
Project("{FAE04EC0-301F-11D3-BF4B-00C04F79EFBC}") = "thince2f1", "thince2f1\thince2f1.csproj", "{C02D9C3E-165B-4769-B024-FE2A1E782B7D}"
EndProject
Project("{FAE04EC0-301F-11D3-BF4B-00C04F79EFBC}") = "thince2f1UnitTests", "thince2f1UnitTests\thince2f1UnitTests.csproj", "{7D3151F4-B15D-405D-8FB1-AE0E1636D697}"
EndProject
Project("{FAE04EC0-301F-11D3-BF4B-00C04F79EFBC}") = "thince2g1", "thince2g1\thince2g1.csproj", "{8BF17EAF-EBDA-4C83-8167-9D8AF520C50A}"
EndProject
Project("{FAE04EC0-301F-11D3-BF4B-00C04F79EFBC}") = "thince2g1UnitsTests", "thince2g1UnitsTests\thince2g1UnitsTests.csproj", "{6EBA13F7-3625-411E-9012-969A36701C78}"
EndProject
Project("{FAE04EC0-301F-11D3-BF4B-00C04F79EFBC}") = "thince2h1", "thince2h1\thince2h1.csproj", "{D37A2FB3-3F87-48BE-8C44-206E3F27504B}"
EndProject
Global
	GlobalSection(SolutionConfigurationPlatforms) = preSolution
		Debug|Any CPU = Debug|Any CPU
		Release|Any CPU = Release|Any CPU
	EndGlobalSection
	GlobalSection(ProjectConfigurationPlatforms) = postSolution
		{872F4B8A-F7E4-4549-848D-6FEDC08A27CB}.Debug|Any CPU.ActiveCfg = Debug|Any CPU
		{872F4B8A-F7E4-4549-848D-6FEDC08A27CB}.Debug|Any CPU.Build.0 = Debug|Any CPU
		{872F4B8A-F7E4-4549-848D-6FEDC08A27CB}.Release|Any CPU.ActiveCfg = Release|Any CPU
		{872F4B8A-F7E4-4549-848D-6FEDC08A27CB}.Release|Any CPU.Build.0 = Release|Any CPU
		{38CC8B23-4546-4705-84C1-0E593608627B}.Debug|Any CPU.ActiveCfg = Debug|Any CPU
		{38CC8B23-4546-4705-84C1-0E593608627B}.Debug|Any CPU.Build.0 = Debug|Any CPU
		{38CC8B23-4546-4705-84C1-0E593608627B}.Release|Any CPU.ActiveCfg = Release|Any CPU
		{38CC8B23-4546-4705-84C1-0E593608627B}.Release|Any CPU.Build.0 = Release|Any CPU
		{70BCCF6A-0440-41B9-919A-E7DCE33B0DA7}.Debug|Any CPU.ActiveCfg = Debug|Any CPU
		{70BCCF6A-0440-41B9-919A-E7DCE33B0DA7}.Debug|Any CPU.Build.0 = Debug|Any CPU
		{70BCCF6A-0440-41B9-919A-E7DCE33B0DA7}.Release|Any CPU.ActiveCfg = Release|Any CPU
		{70BCCF6A-0440-41B9-919A-E7DCE33B0DA7}.Release|Any CPU.Build.0 = Release|Any CPU
		{1BDDFF24-5AD2-419D-87E2-F24C2C3BEB2F}.Debug|Any CPU.ActiveCfg = Debug|Any CPU
		{1BDDFF24-5AD2-419D-87E2-F24C2C3BEB2F}.Debug|Any CPU.Build.0 = Debug|Any CPU
		{1BDDFF24-5AD2-419D-87E2-F24C2C3BEB2F}.Release|Any CPU.ActiveCfg = Release|Any CPU
		{1BDDFF24-5AD2-419D-87E2-F24C2C3BEB2F}.Release|Any CPU.Build.0 = Release|Any CPU
		{9B3936E7-1EC9-43D6-AACF-618D8F1188EA}.Debug|Any CPU.ActiveCfg = Debug|Any CPU
		{9B3936E7-1EC9-43D6-AACF-618D8F1188EA}.Debug|Any CPU.Build.0 = Debug|Any CPU
		{9B3936E7-1EC9-43D6-AACF-618D8F1188EA}.Release|Any CPU.ActiveCfg = Release|Any CPU
		{9B3936E7-1EC9-43D6-AACF-618D8F1188EA}.Release|Any CPU.Build.0 = Release|Any CPU
		{4453DD32-D23F-4BF6-A0F5-06E3EFB713C6}.Debug|Any CPU.ActiveCfg = Debug|Any CPU
		{4453DD32-D23F-4BF6-A0F5-06E3EFB713C6}.Debug|Any CPU.Build.0 = Debug|Any CPU
		{4453DD32-D23F-4BF6-A0F5-06E3EFB713C6}.Release|Any CPU.ActiveCfg = Release|Any CPU
		{4453DD32-D23F-4BF6-A0F5-06E3EFB713C6}.Release|Any CPU.Build.0 = Release|Any CPU
		{629829AF-1DC3-4C68-84FE-6E9288E2713B}.Debug|Any CPU.ActiveCfg = Debug|Any CPU
		{629829AF-1DC3-4C68-84FE-6E9288E2713B}.Debug|Any CPU.Build.0 = Debug|Any CPU
		{629829AF-1DC3-4C68-84FE-6E9288E2713B}.Release|Any CPU.ActiveCfg = Release|Any CPU
		{629829AF-1DC3-4C68-84FE-6E9288E2713B}.Release|Any CPU.Build.0 = Release|Any CPU
		{A2454EA8-CF08-43F4-902E-6A5C82D60D1F}.Debug|Any CPU.ActiveCfg = Debug|Any CPU
		{A2454EA8-CF08-43F4-902E-6A5C82D60D1F}.Debug|Any CPU.Build.0 = Debug|Any CPU
		{A2454EA8-CF08-43F4-902E-6A5C82D60D1F}.Release|Any CPU.ActiveCfg = Release|Any CPU
		{A2454EA8-CF08-43F4-902E-6A5C82D60D1F}.Release|Any CPU.Build.0 = Release|Any CPU
		{56B96F0F-BC67-4D51-A11F-38DE187CA2D7}.Debug|Any CPU.ActiveCfg = Debug|Any CPU
		{56B96F0F-BC67-4D51-A11F-38DE187CA2D7}.Debug|Any CPU.Build.0 = Debug|Any CPU
		{56B96F0F-BC67-4D51-A11F-38DE187CA2D7}.Release|Any CPU.ActiveCfg = Release|Any CPU
		{56B96F0F-BC67-4D51-A11F-38DE187CA2D7}.Release|Any CPU.Build.0 = Release|Any CPU
		{9FCB2C74-0F03-4407-AF8C-9622A937A6CB}.Debug|Any CPU.ActiveCfg = Debug|Any CPU
		{9FCB2C74-0F03-4407-AF8C-9622A937A6CB}.Debug|Any CPU.Build.0 = Debug|Any CPU
		{9FCB2C74-0F03-4407-AF8C-9622A937A6CB}.Release|Any CPU.ActiveCfg = Release|Any CPU
		{9FCB2C74-0F03-4407-AF8C-9622A937A6CB}.Release|Any CPU.Build.0 = Release|Any CPU
		{C6FA51A4-F80B-40BB-88FC-3BD2441F9F40}.Debug|Any CPU.ActiveCfg = Debug|Any CPU
		{C6FA51A4-F80B-40BB-88FC-3BD2441F9F40}.Debug|Any CPU.Build.0 = Debug|Any CPU
		{C6FA51A4-F80B-40BB-88FC-3BD2441F9F40}.Release|Any CPU.ActiveCfg = Release|Any CPU
		{C6FA51A4-F80B-40BB-88FC-3BD2441F9F40}.Release|Any CPU.Build.0 = Release|Any CPU
		{396EAE0B-B28C-45B2-86C0-761F9FBFF47B}.Debug|Any CPU.ActiveCfg = Debug|Any CPU
		{396EAE0B-B28C-45B2-86C0-761F9FBFF47B}.Debug|Any CPU.Build.0 = Debug|Any CPU
		{396EAE0B-B28C-45B2-86C0-761F9FBFF47B}.Release|Any CPU.ActiveCfg = Release|Any CPU
		{396EAE0B-B28C-45B2-86C0-761F9FBFF47B}.Release|Any CPU.Build.0 = Release|Any CPU
		{36E81FB5-7DA7-4BD8-B4E1-7A0B6AA1426B}.Debug|Any CPU.ActiveCfg = Debug|Any CPU
		{36E81FB5-7DA7-4BD8-B4E1-7A0B6AA1426B}.Debug|Any CPU.Build.0 = Debug|Any CPU
		{36E81FB5-7DA7-4BD8-B4E1-7A0B6AA1426B}.Release|Any CPU.ActiveCfg = Release|Any CPU
		{36E81FB5-7DA7-4BD8-B4E1-7A0B6AA1426B}.Release|Any CPU.Build.0 = Release|Any CPU
		{C02D9C3E-165B-4769-B024-FE2A1E782B7D}.Debug|Any CPU.ActiveCfg = Debug|Any CPU
		{C02D9C3E-165B-4769-B024-FE2A1E782B7D}.Debug|Any CPU.Build.0 = Debug|Any CPU
		{C02D9C3E-165B-4769-B024-FE2A1E782B7D}.Release|Any CPU.ActiveCfg = Release|Any CPU
		{C02D9C3E-165B-4769-B024-FE2A1E782B7D}.Release|Any CPU.Build.0 = Release|Any CPU
		{7D3151F4-B15D-405D-8FB1-AE0E1636D697}.Debug|Any CPU.ActiveCfg = Debug|Any CPU
		{7D3151F4-B15D-405D-8FB1-AE0E1636D697}.Debug|Any CPU.Build.0 = Debug|Any CPU
		{7D3151F4-B15D-405D-8FB1-AE0E1636D697}.Release|Any CPU.ActiveCfg = Release|Any CPU
		{7D3151F4-B15D-405D-8FB1-AE0E1636D697}.Release|Any CPU.Build.0 = Release|Any CPU
		{8BF17EAF-EBDA-4C83-8167-9D8AF520C50A}.Debug|Any CPU.ActiveCfg = Debug|Any CPU
		{8BF17EAF-EBDA-4C83-8167-9D8AF520C50A}.Debug|Any CPU.Build.0 = Debug|Any CPU
		{8BF17EAF-EBDA-4C83-8167-9D8AF520C50A}.Release|Any CPU.ActiveCfg = Release|Any CPU
		{8BF17EAF-EBDA-4C83-8167-9D8AF520C50A}.Release|Any CPU.Build.0 = Release|Any CPU
		{6EBA13F7-3625-411E-9012-969A36701C78}.Debug|Any CPU.ActiveCfg = Debug|Any CPU
		{6EBA13F7-3625-411E-9012-969A36701C78}.Debug|Any CPU.Build.0 = Debug|Any CPU
		{6EBA13F7-3625-411E-9012-969A36701C78}.Release|Any CPU.ActiveCfg = Release|Any CPU
		{6EBA13F7-3625-411E-9012-969A36701C78}.Release|Any CPU.Build.0 = Release|Any CPU
		{D37A2FB3-3F87-48BE-8C44-206E3F27504B}.Debug|Any CPU.ActiveCfg = Debug|Any CPU
		{D37A2FB3-3F87-48BE-8C44-206E3F27504B}.Debug|Any CPU.Build.0 = Debug|Any CPU
		{D37A2FB3-3F87-48BE-8C44-206E3F27504B}.Release|Any CPU.ActiveCfg = Release|Any CPU
		{D37A2FB3-3F87-48BE-8C44-206E3F27504B}.Release|Any CPU.Build.0 = Release|Any CPU
	EndGlobalSection
	GlobalSection(SolutionProperties) = preSolution
		HideSolutionNode = FALSE
	EndGlobalSection
	GlobalSection(ExtensibilityGlobals) = postSolution
		SolutionGuid = {5DD694EB-EBBB-4842-AFE5-7D7DB1650CED}
	EndGlobalSection
EndGlobal
